Microsoft Visual Studio Solution File, Format Version 12.00
# Visual Studio Version 16
VisualStudioVersion = 16.0.30717.126
MinimumVisualStudioVersion = 15.0.26124.0
Project("{9A19103F-16F7-4668-BE54-9A1E7A4F7556}") = "api", "api\api.csproj", "{395194DA-84B9-4E9B-BA03-F4D091155E37}"
EndProject
Project("{2150E333-8FDC-42A3-9474-1A3956D46DE8}") = "Solution Items", "Solution Items", "{5EDC78B5-9AA3-4280-BA09-190E294115B4}"
	ProjectSection(SolutionItems) = preProject
		.dockerignore = .dockerignore
		infra\registry\docker-compose.yml = infra\registry\docker-compose.yml
		infra\teamcity\docker-compose.yml = infra\teamcity\docker-compose.yml
		Dockerfile = Dockerfile
	EndProjectSection
EndProject
Project("{FAE04EC0-301F-11D3-BF4B-00C04F79EFBC}") = "tests", "tests\tests.csproj", "{97FFADA4-E506-4FA4-AB38-8E69F0B87B40}"
EndProject
Global
	GlobalSection(SolutionConfigurationPlatforms) = preSolution
		Debug|Any CPU = Debug|Any CPU
		Debug|x64 = Debug|x64
		Debug|x86 = Debug|x86
		Release|Any CPU = Release|Any CPU
		Release|x64 = Release|x64
		Release|x86 = Release|x86
	EndGlobalSection
	GlobalSection(ProjectConfigurationPlatforms) = postSolution
		{395194DA-84B9-4E9B-BA03-F4D091155E37}.Debug|Any CPU.ActiveCfg = Debug|Any CPU
		{395194DA-84B9-4E9B-BA03-F4D091155E37}.Debug|Any CPU.Build.0 = Debug|Any CPU
		{395194DA-84B9-4E9B-BA03-F4D091155E37}.Debug|x64.ActiveCfg = Debug|x64
		{395194DA-84B9-4E9B-BA03-F4D091155E37}.Debug|x64.Build.0 = Debug|x64
		{395194DA-84B9-4E9B-BA03-F4D091155E37}.Debug|x86.ActiveCfg = Debug|x86
		{395194DA-84B9-4E9B-BA03-F4D091155E37}.Debug|x86.Build.0 = Debug|x86
		{395194DA-84B9-4E9B-BA03-F4D091155E37}.Release|Any CPU.ActiveCfg = Release|Any CPU
		{395194DA-84B9-4E9B-BA03-F4D091155E37}.Release|Any CPU.Build.0 = Release|Any CPU
		{395194DA-84B9-4E9B-BA03-F4D091155E37}.Release|x64.ActiveCfg = Release|x64
		{395194DA-84B9-4E9B-BA03-F4D091155E37}.Release|x64.Build.0 = Release|x64
		{395194DA-84B9-4E9B-BA03-F4D091155E37}.Release|x86.ActiveCfg = Release|x86
		{395194DA-84B9-4E9B-BA03-F4D091155E37}.Release|x86.Build.0 = Release|x86
		{97FFADA4-E506-4FA4-AB38-8E69F0B87B40}.Debug|Any CPU.ActiveCfg = Debug|Any CPU
		{97FFADA4-E506-4FA4-AB38-8E69F0B87B40}.Debug|Any CPU.Build.0 = Debug|Any CPU
		{97FFADA4-E506-4FA4-AB38-8E69F0B87B40}.Debug|x64.ActiveCfg = Debug|Any CPU
		{97FFADA4-E506-4FA4-AB38-8E69F0B87B40}.Debug|x64.Build.0 = Debug|Any CPU
		{97FFADA4-E506-4FA4-AB38-8E69F0B87B40}.Debug|x86.ActiveCfg = Debug|Any CPU
		{97FFADA4-E506-4FA4-AB38-8E69F0B87B40}.Debug|x86.Build.0 = Debug|Any CPU
		{97FFADA4-E506-4FA4-AB38-8E69F0B87B40}.Release|Any CPU.ActiveCfg = Release|Any CPU
		{97FFADA4-E506-4FA4-AB38-8E69F0B87B40}.Release|Any CPU.Build.0 = Release|Any CPU
		{97FFADA4-E506-4FA4-AB38-8E69F0B87B40}.Release|x64.ActiveCfg = Release|Any CPU
		{97FFADA4-E506-4FA4-AB38-8E69F0B87B40}.Release|x64.Build.0 = Release|Any CPU
		{97FFADA4-E506-4FA4-AB38-8E69F0B87B40}.Release|x86.ActiveCfg = Release|Any CPU
		{97FFADA4-E506-4FA4-AB38-8E69F0B87B40}.Release|x86.Build.0 = Release|Any CPU
	EndGlobalSection
	GlobalSection(SolutionProperties) = preSolution
		HideSolutionNode = FALSE
	EndGlobalSection
	GlobalSection(ExtensibilityGlobals) = postSolution
		SolutionGuid = {5E71773F-E571-47CF-B7BC-54A804E7427C}
	EndGlobalSection
EndGlobal
